
Microsoft Visual Studio Solution File, Format Version 12.00
# Visual Studio Version 17
VisualStudioVersion = 17.5.33516.290
MinimumVisualStudioVersion = 10.0.40219.1
Project("{9A19103F-16F7-4668-BE54-9A1E7A4F7556}") = "ElectronicsStore.Web", "ElectronicsStore.Web\ElectronicsStore.Web.csproj", "{0D325D94-D066-47F8-AB1F-468CFE57E6EC}"
EndProject
Project("{FAE04EC0-301F-11D3-BF4B-00C04F79EFBC}") = "ElectronicsStore.Shared", "ElectronicsStore.Shared\ElectronicsStore.Shared.csproj", "{208EC4A2-B614-46E6-82ED-353525A4CDCD}"
EndProject
Project("{FAE04EC0-301F-11D3-BF4B-00C04F79EFBC}") = "ElectronicsStore.Business", "ElectronicsStore.Business\ElectronicsStore.Business.csproj", "{DFE67977-A2F4-4A78-B712-90BA104ACD7D}"
EndProject
Project("{FAE04EC0-301F-11D3-BF4B-00C04F79EFBC}") = "ElectronicsStore.DAL", "ElectronicsStore.DAL\ElectronicsStore.DAL.csproj", "{B3ABCABA-11A2-41AF-AA1B-37A73A746D8A}"
EndProject
Global
	GlobalSection(SolutionConfigurationPlatforms) = preSolution
		Debug|Any CPU = Debug|Any CPU
		Release|Any CPU = Release|Any CPU
	EndGlobalSection
	GlobalSection(ProjectConfigurationPlatforms) = postSolution
		{0D325D94-D066-47F8-AB1F-468CFE57E6EC}.Debug|Any CPU.ActiveCfg = Debug|Any CPU
		{0D325D94-D066-47F8-AB1F-468CFE57E6EC}.Debug|Any CPU.Build.0 = Debug|Any CPU
		{0D325D94-D066-47F8-AB1F-468CFE57E6EC}.Release|Any CPU.ActiveCfg = Release|Any CPU
		{0D325D94-D066-47F8-AB1F-468CFE57E6EC}.Release|Any CPU.Build.0 = Release|Any CPU
		{208EC4A2-B614-46E6-82ED-353525A4CDCD}.Debug|Any CPU.ActiveCfg = Debug|Any CPU
		{208EC4A2-B614-46E6-82ED-353525A4CDCD}.Debug|Any CPU.Build.0 = Debug|Any CPU
		{208EC4A2-B614-46E6-82ED-353525A4CDCD}.Release|Any CPU.ActiveCfg = Release|Any CPU
		{208EC4A2-B614-46E6-82ED-353525A4CDCD}.Release|Any CPU.Build.0 = Release|Any CPU
		{DFE67977-A2F4-4A78-B712-90BA104ACD7D}.Debug|Any CPU.ActiveCfg = Debug|Any CPU
		{DFE67977-A2F4-4A78-B712-90BA104ACD7D}.Debug|Any CPU.Build.0 = Debug|Any CPU
		{DFE67977-A2F4-4A78-B712-90BA104ACD7D}.Release|Any CPU.ActiveCfg = Release|Any CPU
		{DFE67977-A2F4-4A78-B712-90BA104ACD7D}.Release|Any CPU.Build.0 = Release|Any CPU
		{B3ABCABA-11A2-41AF-AA1B-37A73A746D8A}.Debug|Any CPU.ActiveCfg = Debug|Any CPU
		{B3ABCABA-11A2-41AF-AA1B-37A73A746D8A}.Debug|Any CPU.Build.0 = Debug|Any CPU
		{B3ABCABA-11A2-41AF-AA1B-37A73A746D8A}.Release|Any CPU.ActiveCfg = Release|Any CPU
		{B3ABCABA-11A2-41AF-AA1B-37A73A746D8A}.Release|Any CPU.Build.0 = Release|Any CPU
	EndGlobalSection
	GlobalSection(SolutionProperties) = preSolution
		HideSolutionNode = FALSE
	EndGlobalSection
	GlobalSection(ExtensibilityGlobals) = postSolution
		SolutionGuid = {CD8CAA3F-01F9-4CCC-A405-26676306F4CA}
	EndGlobalSection
EndGlobal
